PODS:
  - Alamofire (5.6.4)
  - AlamofireImage (4.2.0):
    - Alamofire (~> 5.4)

DEPENDENCIES:
  - AlamofireImage (~> 4.0)

SPEC REPOS:
  trunk:
    - Alamofire
    - AlamofireImage

SPEC CHECKSUMS:
  Alamofire: 4e95d97098eacb88856099c4fc79b526a299e48c
  AlamofireImage: 34a2d90b0e5fe6a5605f85ae4b7b01e784c60192

PODFILE CHECKSUM: 470257947d2cd70b40acceb9285f2cfa33052458

COCOAPODS: 1.12.1
